// !$*UTF8*$!
{
	archiveVersion = 1;
	classes = {
	};
	objectVersion = 77;
	objects = {

/* Begin PBXBuildFile section */
		55BADC732F4D588C00146E83 /* HaishinKit in Frameworks */ = {isa = PBXBuildFile; productRef = 55BADC722F4D588C00146E83 /* HaishinKit */; };
		55BADC7B2F4D5D2700146E83 /* ReplayKit.framework in Frameworks */ = {isa = PBXBuildFile; fileRef = 55BADC7A2F4D5D2700146E83 /* ReplayKit.framework */; };
		55BADC852F4D5D2700146E83 /* ReplayKit.framework in Frameworks */ = {isa = PBXBuildFile; fileRef = 55BADC7A2F4D5D2700146E83 /* ReplayKit.framework */; };
		55BADC872F4D5D2700146E83 /* UIKit.framework in Frameworks */ = {isa = PBXBuildFile; fileRef = 55BADC862F4D5D2700146E83 /* UIKit.framework */; };
		55BADC8E2F4D5D2700146E83 /* BroadcastExtensionSetupUI.appex in Embed Foundation Extensions */ = {isa = PBXBuildFile; fileRef = 55BADC842F4D5D2700146E83 /* BroadcastExtensionSetupUI.appex */; settings = {ATTRIBUTES = (RemoveHeadersOnCopy, ); }; };
		55BADC912F4D5D2700146E83 /* BroadcastExtension.appex in Embed Foundation Extensions */ = {isa = PBXBuildFile; fileRef = 55BADC782F4D5D2700146E83 /* BroadcastExtension.appex */; settings = {ATTRIBUTES = (RemoveHeadersOnCopy, ); }; };
		55BADC9C2F4D5E7C00146E83 /* HaishinKit in Frameworks */ = {isa = PBXBuildFile; productRef = 55BADC9B2F4D5E7C00146E83 /* HaishinKit */; };
/* End PBXBuildFile section */

/* Begin PBXContainerItemProxy section */
		55BADC8C2F4D5D2700146E83 /* PBXContainerItemProxy */ = {
			isa = PBXContainerItemProxy;
			containerPortal = 55BADC462F4D4FEA00146E83 /* Project object */;
			proxyType = 1;
			remoteGlobalIDString = 55BADC832F4D5D2700146E83;
			remoteInfo = BroadcastExtensionSetupUI;
		};
		55BADC8F2F4D5D2700146E83 /* PBXContainerItemProxy */ = {
			isa = PBXContainerItemProxy;
			containerPortal = 55BADC462F4D4FEA00146E83 /* Project object */;
			proxyType = 1;
			remoteGlobalIDString = 55BADC772F4D5D2700146E83;
			remoteInfo = BroadcastExtension;
		};
/* End PBXContainerItemProxy section */

/* Begin PBXCopyFilesBuildPhase section */
		55BADC9A2F4D5D2700146E83 /* Embed Foundation Extensions */ = {
			isa = PBXCopyFilesBuildPhase;
			buildActionMask = 2147483647;
			dstPath = "";
			dstSubfolderSpec = 13;
			files = (
				55BADC912F4D5D2700146E83 /* BroadcastExtension.appex in Embed Foundation Extensions */,
				55BADC8E2F4D5D2700146E83 /* BroadcastExtensionSetupUI.appex in Embed Foundation Extensions */,
			);
			name = "Embed Foundation Extensions";
			runOnlyForDeploymentPostprocessing = 0;
		};
/* End PBXCopyFilesBuildPhase section */

/* Begin PBXFileReference section */
		55BADC4E2F4D4FEA00146E83 /* TeslaStream2.app */ = {isa = PBXFileReference; explicitFileType = wrapper.application; includeInIndex = 0; path = TeslaStream2.app; sourceTree = BUILT_PRODUCTS_DIR; };
		55BADC782F4D5D2700146E83 /* BroadcastExtension.appex */ = {isa = PBXFileReference; explicitFileType = "wrapper.app-extension"; includeInIndex = 0; path = BroadcastExtension.appex; sourceTree = BUILT_PRODUCTS_DIR; };
		55BADC7A2F4D5D2700146E83 /* ReplayKit.framework */ = {isa = PBXFileReference; lastKnownFileType = wrapper.framework; name = ReplayKit.framework; path = System/Library/Frameworks/ReplayKit.framework; sourceTree = SDKROOT; };
		55BADC842F4D5D2700146E83 /* BroadcastExtensionSetupUI.appex */ = {isa = PBXFileReference; explicitFileType = "wrapper.app-extension"; includeInIndex = 0; path = BroadcastExtensionSetupUI.appex; sourceTree = BUILT_PRODUCTS_DIR; };
		55BADC862F4D5D2700146E83 /* UIKit.framework */ = {isa = PBXFileReference; lastKnownFileType = wrapper.framework; name = UIKit.framework; path = System/Library/Frameworks/UIKit.framework; sourceTree = SDKROOT; };
/* End PBXFileReference section */

/* Begin PBXFileSystemSynchronizedBuildFileExceptionSet section */
		55BADC922F4D5D2700146E83 /* Exceptions for "BroadcastExtension" folder in "BroadcastExtension" target */ = {
			isa = PBXFileSystemSynchronizedBuildFileExceptionSet;
			membershipExceptions = (
				Info.plist,
			);
			target = 55BADC772F4D5D2700146E83 /* BroadcastExtension */;
		};
		55BADC962F4D5D2700146E83 /* Exceptions for "BroadcastExtensionSetupUI" folder in "BroadcastExtensionSetupUI" target */ = {
			isa = PBXFileSystemSynchronizedBuildFileExceptionSet;
			membershipExceptions = (
				Info.plist,
			);
			target = 55BADC832F4D5D2700146E83 /* BroadcastExtensionSetupUI */;
		};
/* End PBXFileSystemSynchronizedBuildFileExceptionSet section */

/* Begin PBXFileSystemSynchronizedRootGroup section */
		55BADC502F4D4FEA00146E83 /* TeslaStream2 */ = {
			isa = PBXFileSystemSynchronizedRootGroup;
			path = TeslaStream2;
			sourceTree = "<group>";
		};
		55BADC7C2F4D5D2700146E83 /* BroadcastExtension */ = {
			isa = PBXFileSystemSynchronizedRootGroup;
			exceptions = (
				55BADC922F4D5D2700146E83 /* Exceptions for "BroadcastExtension" folder in "BroadcastExtension" target */,
			);
			path = BroadcastExtension;
			sourceTree = "<group>";
		};
		55BADC882F4D5D2700146E83 /* BroadcastExtensionSetupUI */ = {
			isa = PBXFileSystemSynchronizedRootGroup;
			exceptions = (
				55BADC962F4D5D2700146E83 /* Exceptions for "BroadcastExtensionSetupUI" folder in "BroadcastExtensionSetupUI" target */,
			);
			path = BroadcastExtensionSetupUI;
			sourceTree = "<group>";
		};
/* End PBXFileSystemSynchronizedRootGroup section */

/* Begin PBXFrameworksBuildPhase section */
		55BADC4B2F4D4FEA00146E83 /* Frameworks */ = {
			isa = PBXFrameworksBuildPhase;
			buildActionMask = 2147483647;
			files = (
				55BADC732F4D588C00146E83 /* HaishinKit in Frameworks */,
			);
			runOnlyForDeploymentPostprocessing = 0;
		};
		55BADC752F4D5D2700146E83 /* Frameworks */ = {
			isa = PBXFrameworksBuildPhase;
			buildActionMask = 2147483647;
			files = (
				55BADC9C2F4D5E7C00146E83 /* HaishinKit in Frameworks */,
				55BADC7B2F4D5D2700146E83 /* ReplayKit.framework in Frameworks */,
			);
			runOnlyForDeploymentPostprocessing = 0;
		};
		55BADC812F4D5D2700146E83 /* Frameworks */ = {
			isa = PBXFrameworksBuildPhase;
			buildActionMask = 2147483647;
			files = (
				55BADC852F4D5D2700146E83 /* ReplayKit.framework in Frameworks */,
				55BADC872F4D5D2700146E83 /* UIKit.framework in Frameworks */,
			);
			runOnlyForDeploymentPostprocessing = 0;
		};
/* End PBXFrameworksBuildPhase section */

/* Begin PBXGroup section */
		55BADC452F4D4FEA00146E83 = {
			isa = PBXGroup;
			children = (
				55BADC502F4D4FEA00146E83 /* TeslaStream2 */,
				55BADC7C2F4D5D2700146E83 /* BroadcastExtension */,
				55BADC882F4D5D2700146E83 /* BroadcastExtensionSetupUI */,
				55BADC792F4D5D2700146E83 /* Frameworks */,
				55BADC4F2F4D4FEA00146E83 /* Products */,
			);
			sourceTree = "<group>";
		};
		55BADC4F2F4D4FEA00146E83 /* Products */ = {
			isa = PBXGroup;
			children = (
				55BADC4E2F4D4FEA00146E83 /* TeslaStream2.app */,
				55BADC782F4D5D2700146E83 /* BroadcastExtension.appex */,
				55BADC842F4D5D2700146E83 /* BroadcastExtensionSetupUI.appex */,
			);
			name = Products;
			sourceTree = "<group>";
		};
		55BADC792F4D5D2700146E83 /* Frameworks */ = {
			isa = PBXGroup;
			children = (
				55BADC7A2F4D5D2700146E83 /* ReplayKit.framework */,
				55BADC862F4D5D2700146E83 /* UIKit.framework */,
			);
			name = Frameworks;
			sourceTree = "<group>";
		};
/* End PBXGroup section */

/* Begin PBXNativeTarget section */
		55BADC4D2F4D4FEA00146E83 /* TeslaStream2 */ = {
			isa = PBXNativeTarget;
			buildConfigurationList = 55BADC592F4D4FEA00146E83 /* Build configuration list for PBXNativeTarget "TeslaStream2" */;
			buildPhases = (
				55BADC4A2F4D4FEA00146E83 /* Sources */,
				55BADC4B2F4D4FEA00146E83 /* Frameworks */,
				55BADC4C2F4D4FEA00146E83 /* Resources */,
				55BADC9A2F4D5D2700146E83 /* Embed Foundation Extensions */,
			);
			buildRules = (
			);
			dependencies = (
				55BADC8D2F4D5D2700146E83 /* PBXTargetDependency */,
				55BADC902F4D5D2700146E83 /* PBXTargetDependency */,
			);
			fileSystemSynchronizedGroups = (
				55BADC502F4D4FEA00146E83 /* TeslaStream2 */,
			);
			name = TeslaStream2;
			packageProductDependencies = (
				55BADC722F4D588C00146E83 /* HaishinKit */,
			);
			productName = TeslaStream2;
			productReference = 55BADC4E2F4D4FEA00146E83 /* TeslaStream2.app */;
			productType = "com.apple.product-type.application";
		};
		55BADC772F4D5D2700146E83 /* BroadcastExtension */ = {
			isa = PBXNativeTarget;
			buildConfigurationList = 55BADC932F4D5D2700146E83 /* Build configuration list for PBXNativeTarget "BroadcastExtension" */;
			buildPhases = (
				55BADC742F4D5D2700146E83 /* Sources */,
				55BADC752F4D5D2700146E83 /* Frameworks */,
				55BADC762F4D5D2700146E83 /* Resources */,
			);
			buildRules = (
			);
			dependencies = (
			);
			fileSystemSynchronizedGroups = (
				55BADC7C2F4D5D2700146E83 /* BroadcastExtension */,
			);
			name = BroadcastExtension;
			packageProductDependencies = (
				55BADC9B2F4D5E7C00146E83 /* HaishinKit */,
			);
			productName = BroadcastExtension;
			productReference = 55BADC782F4D5D2700146E83 /* BroadcastExtension.appex */;
			productType = "com.apple.product-type.app-extension";
		};
		55BADC832F4D5D2700146E83 /* BroadcastExtensionSetupUI */ = {
			isa = PBXNativeTarget;
			buildConfigurationList = 55BADC972F4D5D2700146E83 /* Build configuration list for PBXNativeTarget "BroadcastExtensionSetupUI" */;
			buildPhases = (
				55BADC802F4D5D2700146E83 /* Sources */,
				55BADC812F4D5D2700146E83 /* Frameworks */,
				55BADC822F4D5D2700146E83 /* Resources */,
			);
			buildRules = (
			);
			dependencies = (
			);
			fileSystemSynchronizedGroups = (
				55BADC882F4D5D2700146E83 /* BroadcastExtensionSetupUI */,
			);
			name = BroadcastExtensionSetupUI;
			packageProductDependencies = (
			);
			productName = BroadcastExtensionSetupUI;
			productReference = 55BADC842F4D5D2700146E83 /* BroadcastExtensionSetupUI.appex */;
			productType = "com.apple.product-type.app-extension";
		};
/* End PBXNativeTarget section */

/* Begin PBXProject section */
		55BADC462F4D4FEA00146E83 /* Project object */ = {
			isa = PBXProject;
			attributes = {
				BuildIndependentTargetsInParallel = 1;
				LastSwiftUpdateCheck = 2620;
				LastUpgradeCheck = 2620;
				TargetAttributes = {
					55BADC4D2F4D4FEA00146E83 = {
						CreatedOnToolsVersion = 26.2;
					};
					55BADC772F4D5D2700146E83 = {
						CreatedOnToolsVersion = 26.2;
					};
					55BADC832F4D5D2700146E83 = {
						CreatedOnToolsVersion = 26.2;
					};
				};
			};
			buildConfigurationList = 55BADC492F4D4FEA00146E83 /* Build configuration list for PBXProject "TeslaStream2" */;
			developmentRegion = en;
			hasScannedForEncodings = 0;
			knownRegions = (
				en,
				Base,
			);
			mainGroup = 55BADC452F4D4FEA00146E83;
			minimizedProjectReferenceProxies = 1;
			packageReferences = (
				55BADC712F4D588C00146E83 /* XCRemoteSwiftPackageReference "HaishinKit" */,
			);
			preferredProjectObjectVersion = 77;
			productRefGroup = 55BADC4F2F4D4FEA00146E83 /* Products */;
			projectDirPath = "";
			projectRoot = "";
			targets = (
				55BADC4D2F4D4FEA00146E83 /* TeslaStream2 */,
				55BADC772F4D5D2700146E83 /* BroadcastExtension */,
				55BADC832F4D5D2700146E83 /* BroadcastExtensionSetupUI */,
			);
		};
/* End PBXProject section */

/* Begin PBXResourcesBuildPhase section */
		55BADC4C2F4D4FEA00146E83 /* Resources */ = {
			isa = PBXResourcesBuildPhase;
			buildActionMask = 2147483647;
			files = (
			);
			runOnlyForDeploymentPostprocessing = 0;
		};
		55BADC762F4D5D2700146E83 /* Resources */ = {
			isa = PBXResourcesBuildPhase;
			buildActionMask = 2147483647;
			files = (
			);
			runOnlyForDeploymentPostprocessing = 0;
		};
		55BADC822F4D5D2700146E83 /* Resources */ = {
			isa = PBXResourcesBuildPhase;
			buildActionMask = 2147483647;
			files = (
			);
			runOnlyForDeploymentPostprocessing = 0;
		};
/* End PBXResourcesBuildPhase section */

/* Begin PBXSourcesBuildPhase section */
		55BADC4A2F4D4FEA00146E83 /* Sources */ = {
			isa = PBXSourcesBuildPhase;
			buildActionMask = 2147483647;
			files = (
			);
			runOnlyForDeploymentPostprocessing = 0;
		};
		55BADC742F4D5D2700146E83 /* Sources */ = {
			isa = PBXSourcesBuildPhase;
			buildActionMask = 2147483647;
			files = (
			);
			runOnlyForDeploymentPostprocessing = 0;
		};
		55BADC802F4D5D2700146E83 /* Sources */ = {
			isa = PBXSourcesBuildPhase;
			buildActionMask = 2147483647;
			files = (
			);
			runOnlyForDeploymentPostprocessing = 0;
		};
/* End PBXSourcesBuildPhase section */

/* Begin PBXTargetDependency section */
		55BADC8D2F4D5D2700146E83 /* PBXTargetDependency */ = {
			isa = PBXTargetDependency;
			target = 55BADC832F4D5D2700146E83 /* BroadcastExtensionSetupUI */;
			targetProxy = 55BADC8C2F4D5D2700146E83 /* PBXContainerItemProxy */;
		};
		55BADC902F4D5D2700146E83 /* PBXTargetDependency */ = {
			isa = PBXTargetDependency;
			target = 55BADC772F4D5D2700146E83 /* BroadcastExtension */;
			targetProxy = 55BADC8F2F4D5D2700146E83 /* PBXContainerItemProxy */;
		};
/* End PBXTargetDependency section */

/* Begin XCBuildConfiguration section */
		55BADC572F4D4FEA00146E83 /* Debug */ = {
			isa = XCBuildConfiguration;
			buildSettings = {
				ALWAYS_SEARCH_USER_PATHS = NO;
				ASSETCATALOG_COMPILER_GENERATE_SWIFT_ASSET_SYMBOL_EXTENSIONS = YES;
				CLANG_ANALYZER_NONNULL = YES;
				CLANG_ANALYZER_NUMBER_OBJECT_CONVERSION = YES_AGGRESSIVE;
				CLANG_CXX_LANGUAGE_STANDARD = "gnu++20";
				CLANG_ENABLE_MODULES = YES;
				CLANG_ENABLE_OBJC_ARC = YES;
				CLANG_ENABLE_OBJC_WEAK = YES;
				CLANG_WARN_BLOCK_CAPTURE_AUTORELEASING = YES;
				CLANG_WARN_BOOL_CONVERSION = YES;
				CLANG_WARN_COMMA = YES;
				CLANG_WARN_CONSTANT_CONVERSION = YES;
				CLANG_WARN_DEPRECATED_OBJC_IMPLEMENTATIONS = YES;
				CLANG_WARN_DIRECT_OBJC_ISA_USAGE = YES_ERROR;
				CLANG_WARN_DOCUMENTATION_COMMENTS = YES;
				CLANG_WARN_EMPTY_BODY = YES;
				CLANG_WARN_ENUM_CONVERSION = YES;
				CLANG_WARN_INFINITE_RECURSION = YES;
				CLANG_WARN_INT_CONVERSION = YES;
				CLANG_WARN_NON_LITERAL_NULL_CONVERSION = YES;
				CLANG_WARN_OBJC_IMPLICIT_RETAIN_SELF = YES;
				CLANG_WARN_OBJC_LITERAL_CONVERSION = YES;
				CLANG_WARN_OBJC_ROOT_CLASS = YES_ERROR;
				CLANG_WARN_QUOTED_INCLUDE_IN_FRAMEWORK_HEADER = YES;
				CLANG_WARN_RANGE_LOOP_ANALYSIS = YES;
				CLANG_WARN_STRICT_PROTOTYPES = YES;
				CLANG_WARN_SUSPICIOUS_MOVE = YES;
				CLANG_WARN_UNGUARDED_AVAILABILITY = YES_AGGRESSIVE;
				CLANG_WARN_UNREACHABLE_CODE = YES;
				CLANG_WARN__DUPLICATE_METHOD_MATCH = YES;
				COPY_PHASE_STRIP = NO;
				DEBUG_INFORMATION_FORMAT = dwarf;
				DEVELOPMENT_TEAM = SQF64DKQ83;
				ENABLE_STRICT_OBJC_MSGSEND = YES;
				ENABLE_TESTABILITY = YES;
				ENABLE_USER_SCRIPT_SANDBOXING = YES;
				GCC_C_LANGUAGE_STANDARD = gnu17;
				GCC_DYNAMIC_NO_PIC = NO;
				GCC_NO_COMMON_BLOCKS = YES;
				GCC_OPTIMIZATION_LEVEL = 0;
				GCC_PREPROCESSOR_DEFINITIONS = (
					"DEBUG=1",
					"$(inherited)",
				);
				GCC_WARN_64_TO_32_BIT_CONVERSION = YES;
				GCC_WARN_ABOUT_RETURN_TYPE = YES_ERROR;
				GCC_WARN_UNDECLARED_SELECTOR = YES;
				GCC_WARN_UNINITIALIZED_AUTOS = YES_AGGRESSIVE;
				GCC_WARN_UNUSED_FUNCTION = YES;
				GCC_WARN_UNUSED_VARIABLE = YES;
				IPHONEOS_DEPLOYMENT_TARGET = 26.2;
				LOCALIZATION_PREFERS_STRING_CATALOGS = YES;
				MTL_ENABLE_DEBUG_INFO = INCLUDE_SOURCE;
				MTL_FAST_MATH = YES;
				ONLY_ACTIVE_ARCH = YES;
				SDKROOT = iphoneos;
				SWIFT_ACTIVE_COMPILATION_CONDITIONS = "DEBUG $(inherited)";
				SWIFT_OPTIMIZATION_LEVEL = "-Onone";
			};
			name = Debug;
		};
		55BADC582F4D4FEA00146E83 /* Release */ = {
			isa = XCBuildConfiguration;
			buildSettings = {
				ALWAYS_SEARCH_USER_PATHS = NO;
				ASSETCATALOG_COMPILER_GENERATE_SWIFT_ASSET_SYMBOL_EXTENSIONS = YES;
				CLANG_ANALYZER_NONNULL = YES;
				CLANG_ANALYZER_NUMBER_OBJECT_CONVERSION = YES_AGGRESSIVE;
				CLANG_CXX_LANGUAGE_STANDARD = "gnu++20";
				CLANG_ENABLE_MODULES = YES;
				CLANG_ENABLE_OBJC_ARC = YES;
				CLANG_ENABLE_OBJC_WEAK = YES;
				CLANG_WARN_BLOCK_CAPTURE_AUTORELEASING = YES;
				CLANG_WARN_BOOL_CONVERSION = YES;
				CLANG_WARN_COMMA = YES;
				CLANG_WARN_CONSTANT_CONVERSION = YES;
				CLANG_WARN_DEPRECATED_OBJC_IMPLEMENTATIONS = YES;
				CLANG_WARN_DIRECT_OBJC_ISA_USAGE = YES_ERROR;
				CLANG_WARN_DOCUMENTATION_COMMENTS = YES;
				CLANG_WARN_EMPTY_BODY = YES;
				CLANG_WARN_ENUM_CONVERSION = YES;
				CLANG_WARN_INFINITE_RECURSION = YES;
				CLANG_WARN_INT_CONVERSION = YES;
				CLANG_WARN_NON_LITERAL_NULL_CONVERSION = YES;
				CLANG_WARN_OBJC_IMPLICIT_RETAIN_SELF = YES;
				CLANG_WARN_OBJC_LITERAL_CONVERSION = YES;
				CLANG_WARN_OBJC_ROOT_CLASS = YES_ERROR;
				CLANG_WARN_QUOTED_INCLUDE_IN_FRAMEWORK_HEADER = YES;
				CLANG_WARN_RANGE_LOOP_ANALYSIS = YES;
				CLANG_WARN_STRICT_PROTOTYPES = YES;
				CLANG_WARN_SUSPICIOUS_MOVE = YES;
				CLANG_WARN_UNGUARDED_AVAILABILITY = YES_AGGRESSIVE;
				CLANG_WARN_UNREACHABLE_CODE = YES;
				CLANG_WARN__DUPLICATE_METHOD_MATCH = YES;
				COPY_PHASE_STRIP = NO;
				DEBUG_INFORMATION_FORMAT = "dwarf-with-dsym";
				DEVELOPMENT_TEAM = SQF64DKQ83;
				ENABLE_NS_ASSERTIONS = NO;
				ENABLE_STRICT_OBJC_MSGSEND = YES;
				ENABLE_USER_SCRIPT_SANDBOXING = YES;
				GCC_C_LANGUAGE_STANDARD = gnu17;
				GCC_NO_COMMON_BLOCKS = YES;
				GCC_WARN_64_TO_32_BIT_CONVERSION = YES;
				GCC_WARN_ABOUT_RETURN_TYPE = YES_ERROR;
				GCC_WARN_UNDECLARED_SELECTOR = YES;
				GCC_WARN_UNINITIALIZED_AUTOS = YES_AGGRESSIVE;
				GCC_WARN_UNUSED_FUNCTION = YES;
				GCC_WARN_UNUSED_VARIABLE = YES;
				IPHONEOS_DEPLOYMENT_TARGET = 26.2;
				LOCALIZATION_PREFERS_STRING_CATALOGS = YES;
				MTL_ENABLE_DEBUG_INFO = NO;
				MTL_FAST_MATH = YES;
				SDKROOT = iphoneos;
				SWIFT_COMPILATION_MODE = wholemodule;
				VALIDATE_PRODUCT = YES;
			};
			name = Release;
		};
		55BADC5A2F4D4FEA00146E83 /* Debug */ = {
			isa = XCBuildConfiguration;
			buildSettings = {
				ASSETCATALOG_COMPILER_APPICON_NAME = AppIcon;
				ASSETCATALOG_COMPILER_GLOBAL_ACCENT_COLOR_NAME = AccentColor;
				CODE_SIGN_ENTITLEMENTS = TeslaStream2/TeslaStream2.entitlements;
				CODE_SIGN_STYLE = Automatic;
				CURRENT_PROJECT_VERSION = 1;
				DEVELOPMENT_TEAM = SQF64DKQ83;
				ENABLE_PREVIEWS = YES;
				GENERATE_INFOPLIST_FILE = YES;
				INFOPLIST_KEY_UIApplicationSceneManifest_Generation = YES;
				INFOPLIST_KEY_UIApplicationSupportsIndirectInputEvents = YES;
				INFOPLIST_KEY_UILaunchScreen_Generation = YES;
				INFOPLIST_KEY_UISupportedInterfaceOrientations_iPad = "UIInterfaceOrientationPortrait UIInterfaceOrientationPortraitUpsideDown UIInterfaceOrientationLandscapeLeft UIInterfaceOrientationLandscapeRight";
				INFOPLIST_KEY_UISupportedInterfaceOrientations_iPhone = "UIInterfaceOrientationPortrait UIInterfaceOrientationLandscapeLeft UIInterfaceOrientationLandscapeRight";
				LD_RUNPATH_SEARCH_PATHS = (
					"$(inherited)",
					"@executable_path/Frameworks",
				);
				MARKETING_VERSION = 1.0;
				PRODUCT_BUNDLE_IDENTIFIER = com.simeon.TeslaStream2;
				PRODUCT_NAME = "$(TARGET_NAME)";
				STRING_CATALOG_GENERATE_SYMBOLS = YES;
				SWIFT_APPROACHABLE_CONCURRENCY = YES;
				SWIFT_DEFAULT_ACTOR_ISOLATION = MainActor;
				SWIFT_EMIT_LOC_STRINGS = YES;
				SWIFT_UPCOMING_FEATURE_MEMBER_IMPORT_VISIBILITY = YES;
				SWIFT_VERSION = 5.0;
				TARGETED_DEVICE_FAMILY = "1,2";
			};
			name = Debug;
		};
		55BADC5B2F4D4FEA00146E83 /* Release */ = {
			isa = XCBuildConfiguration;
			buildSettings = {
				ASSETCATALOG_COMPILER_APPICON_NAME = AppIcon;
				ASSETCATALOG_COMPILER_GLOBAL_ACCENT_COLOR_NAME = AccentColor;
				CODE_SIGN_ENTITLEMENTS = TeslaStream2/TeslaStream2.entitlements;
				CODE_SIGN_STYLE = Automatic;
				CURRENT_PROJECT_VERSION = 1;
				DEVELOPMENT_TEAM = SQF64DKQ83;
				ENABLE_PREVIEWS = YES;
				GENERATE_INFOPLIST_FILE = YES;
				INFOPLIST_KEY_UIApplicationSceneManifest_Generation = YES;
				INFOPLIST_KEY_UIApplicationSupportsIndirectInputEvents = YES;
				INFOPLIST_KEY_UILaunchScreen_Generation = YES;
				INFOPLIST_KEY_UISupportedInterfaceOrientations_iPad = "UIInterfaceOrientationPortrait UIInterfaceOrientationPortraitUpsideDown UIInterfaceOrientationLandscapeLeft UIInterfaceOrientationLandscapeRight";
				INFOPLIST_KEY_UISupportedInterfaceOrientations_iPhone = "UIInterfaceOrientationPortrait UIInterfaceOrientationLandscapeLeft UIInterfaceOrientationLandscapeRight";
				LD_RUNPATH_SEARCH_PATHS = (
					"$(inherited)",
					"@executable_path/Frameworks",
				);
				MARKETING_VERSION = 1.0;
				PRODUCT_BUNDLE_IDENTIFIER = com.simeon.TeslaStream2;
				PRODUCT_NAME = "$(TARGET_NAME)";
				STRING_CATALOG_GENERATE_SYMBOLS = YES;
				SWIFT_APPROACHABLE_CONCURRENCY = YES;
				SWIFT_DEFAULT_ACTOR_ISOLATION = MainActor;
				SWIFT_EMIT_LOC_STRINGS = YES;
				SWIFT_UPCOMING_FEATURE_MEMBER_IMPORT_VISIBILITY = YES;
				SWIFT_VERSION = 5.0;
				TARGETED_DEVICE_FAMILY = "1,2";
			};
			name = Release;
		};
		55BADC942F4D5D2700146E83 /* Debug */ = {
			isa = XCBuildConfiguration;
			buildSettings = {
				CODE_SIGN_ENTITLEMENTS = BroadcastExtension/BroadcastExtension.entitlements;
				CODE_SIGN_STYLE = Automatic;
				CURRENT_PROJECT_VERSION = 1;
				DEVELOPMENT_TEAM = SQF64DKQ83;
				GENERATE_INFOPLIST_FILE = YES;
				INFOPLIST_FILE = BroadcastExtension/Info.plist;
				INFOPLIST_KEY_CFBundleDisplayName = BroadcastExtension;
				INFOPLIST_KEY_NSHumanReadableCopyright = "";
				LD_RUNPATH_SEARCH_PATHS = (
					"$(inherited)",
					"@executable_path/Frameworks",
					"@executable_path/../../Frameworks",
				);
				MARKETING_VERSION = 1.0;
				PRODUCT_BUNDLE_IDENTIFIER = com.simeon.TeslaStream2.BroadcastExtension;
				PRODUCT_NAME = "$(TARGET_NAME)";
				SKIP_INSTALL = YES;
				STRING_CATALOG_GENERATE_SYMBOLS = YES;
				SWIFT_APPROACHABLE_CONCURRENCY = YES;
				SWIFT_EMIT_LOC_STRINGS = YES;
				SWIFT_UPCOMING_FEATURE_MEMBER_IMPORT_VISIBILITY = YES;
				SWIFT_VERSION = 5.0;
				TARGETED_DEVICE_FAMILY = "1,2";
			};
			name = Debug;
		};
		55BADC952F4D5D2700146E83 /* Release */ = {
			isa = XCBuildConfiguration;
			buildSettings = {
				CODE_SIGN_ENTITLEMENTS = BroadcastExtension/BroadcastExtension.entitlements;
				CODE_SIGN_STYLE = Automatic;
				CURRENT_PROJECT_VERSION = 1;
				DEVELOPMENT_TEAM = SQF64DKQ83;
				GENERATE_INFOPLIST_FILE = YES;
				INFOPLIST_FILE = BroadcastExtension/Info.plist;
				INFOPLIST_KEY_CFBundleDisplayName = BroadcastExtension;
				INFOPLIST_KEY_NSHumanReadableCopyright = "";
				LD_RUNPATH_SEARCH_PATHS = (
					"$(inherited)",
					"@executable_path/Frameworks",
					"@executable_path/../../Frameworks",
				);
				MARKETING_VERSION = 1.0;
				PRODUCT_BUNDLE_IDENTIFIER = com.simeon.TeslaStream2.BroadcastExtension;
				PRODUCT_NAME = "$(TARGET_NAME)";
				SKIP_INSTALL = YES;
				STRING_CATALOG_GENERATE_SYMBOLS = YES;
				SWIFT_APPROACHABLE_CONCURRENCY = YES;
				SWIFT_EMIT_LOC_STRINGS = YES;
				SWIFT_UPCOMING_FEATURE_MEMBER_IMPORT_VISIBILITY = YES;
				SWIFT_VERSION = 5.0;
				TARGETED_DEVICE_FAMILY = "1,2";
			};
			name = Release;
		};
		55BADC982F4D5D2700146E83 /* Debug */ = {
			isa = XCBuildConfiguration;
			buildSettings = {
				CODE_SIGN_STYLE = Automatic;
				CURRENT_PROJECT_VERSION = 1;
				DEVELOPMENT_TEAM = SQF64DKQ83;
				GENERATE_INFOPLIST_FILE = YES;
				INFOPLIST_FILE = BroadcastExtensionSetupUI/Info.plist;
				INFOPLIST_KEY_CFBundleDisplayName = BroadcastExtensionSetupUI;
				INFOPLIST_KEY_NSHumanReadableCopyright = "";
				LD_RUNPATH_SEARCH_PATHS = (
					"$(inherited)",
					"@executable_path/Frameworks",
					"@executable_path/../../Frameworks",
				);
				MARKETING_VERSION = 1.0;
				PRODUCT_BUNDLE_IDENTIFIER = com.simeon.TeslaStream2.BroadcastExtensionSetupUI;
				PRODUCT_NAME = "$(TARGET_NAME)";
				SKIP_INSTALL = YES;
				STRING_CATALOG_GENERATE_SYMBOLS = YES;
				SWIFT_APPROACHABLE_CONCURRENCY = YES;
				SWIFT_EMIT_LOC_STRINGS = YES;
				SWIFT_UPCOMING_FEATURE_MEMBER_IMPORT_VISIBILITY = YES;
				SWIFT_VERSION = 5.0;
				TARGETED_DEVICE_FAMILY = "1,2";
			};
			name = Debug;
		};
		55BADC992F4D5D2700146E83 /* Release */ = {
			isa = XCBuildConfiguration;
			buildSettings = {
				CODE_SIGN_STYLE = Automatic;
				CURRENT_PROJECT_VERSION = 1;
				DEVELOPMENT_TEAM = SQF64DKQ83;
				GENERATE_INFOPLIST_FILE = YES;
				INFOPLIST_FILE = BroadcastExtensionSetupUI/Info.plist;
				INFOPLIST_KEY_CFBundleDisplayName = BroadcastExtensionSetupUI;
				INFOPLIST_KEY_NSHumanReadableCopyright = "";
				LD_RUNPATH_SEARCH_PATHS = (
					"$(inherited)",
					"@executable_path/Frameworks",
					"@executable_path/../../Frameworks",
				);
				MARKETING_VERSION = 1.0;
				PRODUCT_BUNDLE_IDENTIFIER = com.simeon.TeslaStream2.BroadcastExtensionSetupUI;
				PRODUCT_NAME = "$(TARGET_NAME)";
				SKIP_INSTALL = YES;
				STRING_CATALOG_GENERATE_SYMBOLS = YES;
				SWIFT_APPROACHABLE_CONCURRENCY = YES;
				SWIFT_EMIT_LOC_STRINGS = YES;
				SWIFT_UPCOMING_FEATURE_MEMBER_IMPORT_VISIBILITY = YES;
				SWIFT_VERSION = 5.0;
				TARGETED_DEVICE_FAMILY = "1,2";
			};
			name = Release;
		};
/* End XCBuildConfiguration section */

/* Begin XCConfigurationList section */
		55BADC492F4D4FEA00146E83 /* Build configuration list for PBXProject "TeslaStream2" */ = {
			isa = XCConfigurationList;
			buildConfigurations = (
				55BADC572F4D4FEA00146E83 /* Debug */,
				55BADC582F4D4FEA00146E83 /* Release */,
			);
			defaultConfigurationIsVisible = 0;
			defaultConfigurationName = Release;
		};
		55BADC592F4D4FEA00146E83 /* Build configuration list for PBXNativeTarget "TeslaStream2" */ = {
			isa = XCConfigurationList;
			buildConfigurations = (
				55BADC5A2F4D4FEA00146E83 /* Debug */,
				55BADC5B2F4D4FEA00146E83 /* Release */,
			);
			defaultConfigurationIsVisible = 0;
			defaultConfigurationName = Release;
		};
		55BADC932F4D5D2700146E83 /* Build configuration list for PBXNativeTarget "BroadcastExtension" */ = {
			isa = XCConfigurationList;
			buildConfigurations = (
				55BADC942F4D5D2700146E83 /* Debug */,
				55BADC952F4D5D2700146E83 /* Release */,
			);
			defaultConfigurationIsVisible = 0;
			defaultConfigurationName = Release;
		};
		55BADC972F4D5D2700146E83 /* Build configuration list for PBXNativeTarget "BroadcastExtensionSetupUI" */ = {
			isa = XCConfigurationList;
			buildConfigurations = (
				55BADC982F4D5D2700146E83 /* Debug */,
				55BADC992F4D5D2700146E83 /* Release */,
			);
			defaultConfigurationIsVisible = 0;
			defaultConfigurationName = Release;
		};
/* End XCConfigurationList section */

/* Begin XCRemoteSwiftPackageReference section */
		55BADC712F4D588C00146E83 /* XCRemoteSwiftPackageReference "HaishinKit" */ = {
			isa = XCRemoteSwiftPackageReference;
			repositoryURL = "https://github.com/HaishinKit/HaishinKit.swift";
			requirement = {
				kind = exactVersion;
				version = 1.9.0;
			};
		};
/* End XCRemoteSwiftPackageReference section */

/* Begin XCSwiftPackageProductDependency section */
		55BADC722F4D588C00146E83 /* HaishinKit */ = {
			isa = XCSwiftPackageProductDependency;
			package = 55BADC712F4D588C00146E83 /* XCRemoteSwiftPackageReference "HaishinKit" */;
			productName = HaishinKit;
		};
		55BADC9B2F4D5E7C00146E83 /* HaishinKit */ = {
			isa = XCSwiftPackageProductDependency;
			package = 55BADC712F4D588C00146E83 /* XCRemoteSwiftPackageReference "HaishinKit" */;
			productName = HaishinKit;
		};
/* End XCSwiftPackageProductDependency section */
	};
	rootObject = 55BADC462F4D4FEA00146E83 /* Project object */;
}
